
Microsoft Visual Studio Solution File, Format Version 12.00
# Visual Studio Version 17
VisualStudioVersion = 17.4.33122.133
MinimumVisualStudioVersion = 10.0.40219.1
Project("{FAE04EC0-301F-11D3-BF4B-00C04F79EFBC}") = "test progekt", "test progekt\test progekt.csproj", "{A84B6C2C-EC41-4B16-8627-4DBBC9A33AFD}"
EndProject
Global
	GlobalSection(SolutionConfigurationPlatforms) = preSolution
		Debug|Any CPU = Debug|Any CPU
		Release|Any CPU = Release|Any CPU
	EndGlobalSection
	GlobalSection(ProjectConfigurationPlatforms) = postSolution
		{A84B6C2C-EC41-4B16-8627-4DBBC9A33AFD}.Debug|Any CPU.ActiveCfg = Debug|Any CPU
		{A84B6C2C-EC41-4B16-8627-4DBBC9A33AFD}.Debug|Any CPU.Build.0 = Debug|Any CPU
		{A84B6C2C-EC41-4B16-8627-4DBBC9A33AFD}.Release|Any CPU.ActiveCfg = Release|Any CPU
		{A84B6C2C-EC41-4B16-8627-4DBBC9A33AFD}.Release|Any CPU.Build.0 = Release|Any CPU
	EndGlobalSection
	GlobalSection(SolutionProperties) = preSolution
		HideSolutionNode = FALSE
	EndGlobalSection
	GlobalSection(ExtensibilityGlobals) = postSolution
		SolutionGuid = {61360260-C212-4B28-B3E4-C603AA8D2DF4}
	EndGlobalSection
EndGlobal
